
Microsoft Visual Studio Solution File, Format Version 12.00
# Visual Studio Version 17
VisualStudioVersion = 17.1.32421.90
MinimumVisualStudioVersion = 10.0.40219.1
Project("{9A19103F-16F7-4668-BE54-9A1E7A4F7556}") = "PetCareAppMVC", "PetCareAppMVC\PetCareAppMVC.csproj", "{E380FA2C-3BFB-46AB-9428-950854376245}"
EndProject
Project("{9A19103F-16F7-4668-BE54-9A1E7A4F7556}") = "DomainModel", "DomainModel\DomainModel.csproj", "{0E76A7D5-C2BD-4D14-BD05-C9C48F125D59}"
EndProject
Project("{9A19103F-16F7-4668-BE54-9A1E7A4F7556}") = "DomainServices", "DomainService\DomainServices.csproj", "{F5BFCCE3-D774-4358-97C0-F5CAAC8F133B}"
EndProject
Project("{9A19103F-16F7-4668-BE54-9A1E7A4F7556}") = "DomainServices.Validation", "DomainServices.Validation1\DomainServices.Validation.csproj", "{C3D328B0-E323-4EE7-B4E3-5D393F8E17C2}"
EndProject
Project("{9A19103F-16F7-4668-BE54-9A1E7A4F7556}") = "Infrastructure", "Infrastructure1\Infrastructure.csproj", "{840F75CB-3243-4F61-825E-8A3ED71817AD}"
EndProject
Global
	GlobalSection(SolutionConfigurationPlatforms) = preSolution
		Debug|Any CPU = Debug|Any CPU
		Release|Any CPU = Release|Any CPU
	EndGlobalSection
	GlobalSection(ProjectConfigurationPlatforms) = postSolution
		{E380FA2C-3BFB-46AB-9428-950854376245}.Debug|Any CPU.ActiveCfg = Debug|Any CPU
		{E380FA2C-3BFB-46AB-9428-950854376245}.Debug|Any CPU.Build.0 = Debug|Any CPU
		{E380FA2C-3BFB-46AB-9428-950854376245}.Release|Any CPU.ActiveCfg = Release|Any CPU
		{E380FA2C-3BFB-46AB-9428-950854376245}.Release|Any CPU.Build.0 = Release|Any CPU
		{0E76A7D5-C2BD-4D14-BD05-C9C48F125D59}.Debug|Any CPU.ActiveCfg = Debug|Any CPU
		{0E76A7D5-C2BD-4D14-BD05-C9C48F125D59}.Debug|Any CPU.Build.0 = Debug|Any CPU
		{0E76A7D5-C2BD-4D14-BD05-C9C48F125D59}.Release|Any CPU.ActiveCfg = Release|Any CPU
		{0E76A7D5-C2BD-4D14-BD05-C9C48F125D59}.Release|Any CPU.Build.0 = Release|Any CPU
		{F5BFCCE3-D774-4358-97C0-F5CAAC8F133B}.Debug|Any CPU.ActiveCfg = Debug|Any CPU
		{F5BFCCE3-D774-4358-97C0-F5CAAC8F133B}.Debug|Any CPU.Build.0 = Debug|Any CPU
		{F5BFCCE3-D774-4358-97C0-F5CAAC8F133B}.Release|Any CPU.ActiveCfg = Release|Any CPU
		{F5BFCCE3-D774-4358-97C0-F5CAAC8F133B}.Release|Any CPU.Build.0 = Release|Any CPU
		{C3D328B0-E323-4EE7-B4E3-5D393F8E17C2}.Debug|Any CPU.ActiveCfg = Debug|Any CPU
		{C3D328B0-E323-4EE7-B4E3-5D393F8E17C2}.Debug|Any CPU.Build.0 = Debug|Any CPU
		{C3D328B0-E323-4EE7-B4E3-5D393F8E17C2}.Release|Any CPU.ActiveCfg = Release|Any CPU
		{C3D328B0-E323-4EE7-B4E3-5D393F8E17C2}.Release|Any CPU.Build.0 = Release|Any CPU
		{840F75CB-3243-4F61-825E-8A3ED71817AD}.Debug|Any CPU.ActiveCfg = Debug|Any CPU
		{840F75CB-3243-4F61-825E-8A3ED71817AD}.Debug|Any CPU.Build.0 = Debug|Any CPU
		{840F75CB-3243-4F61-825E-8A3ED71817AD}.Release|Any CPU.ActiveCfg = Release|Any CPU
		{840F75CB-3243-4F61-825E-8A3ED71817AD}.Release|Any CPU.Build.0 = Release|Any CPU
	EndGlobalSection
	GlobalSection(SolutionProperties) = preSolution
		HideSolutionNode = FALSE
	EndGlobalSection
	GlobalSection(ExtensibilityGlobals) = postSolution
		SolutionGuid = {3680E6EE-AC19-4934-AEF9-356079882134}
	EndGlobalSection
EndGlobal
